github.com/gorilla/mux v1.7.4/go.mod h1:DVbg23sWSpFRCP0SfiEN6jmj59UnW/n46BH5rLB71So=
github.com/gorilla/websocket v1.4.2 h1:+/TMaTYc4QFitKJxsQ7Yye35DkWvkdLcvGKqM+x0Ufc=
github.com/gorilla/websocket v1.4.2/go.mod h1:YR8l580nyteQvAITg2hZ9XVh4b55+EU/adAjf1fMHhE=
github.com/mangodx/AccessTunnel v0.0.0-20200614193645-d770f222230f h1:rdRa+w8DzuVJEifFWjvUJltBKf4B7oWXUuxYfUJnpDA=
github.com/mangodx/AccessTunnel/sshoverws v0.0.0-20200614193645-d770f222230f h1:ulr8ri6j4rXOs/+jvxKkMdWnXQMlSb76vJVCgVkxl/k=
github.com/mangodx/AccessTunnel/sshoverws v0.0.0-20200614193645-d770f222230f/go.mod h1:iboGyThjsuH4u0nn7aFdEpPpDJALfb46PgQleFtKAAI=
github.com/mangodx/AccessTunnel/sshoverws v0.0.0-20200614215549-38edbe16b892 h1:iFU6r0gnW29wjkxHdECuPuckLyEkvf39KXDbn1UzVKE=
github.com/mangodx/AccessTunnel/sshoverws v0.0.0-20200614215549-38edbe16b892/go.mod h1:iboGyThjsuH4u0nn7aFdEpPpDJALfb46PgQleFtKAAI=
github.com/mangodx/AccessTunnel/sshoverws v0.0.0-20200614215720-48965b79ccdc h1:/4tyQYc2AkasfZIRMX9lWuEq7HAJdxQmH0oDnltc+Bk=
github.com/mangodx/AccessTunnel/sshoverws v0.0.0-20200614215720-48965b79ccdc/go.mod h1:iboGyThjsuH4u0nn7aFdEpPpDJALfb46PgQleFtKAAI=
github.com/mangodx/AccessTunnel/sshoverws v0.0.0-20200614215758-312ee5c30c28 h1:ETOgD7hOBJFAAr7RtCFSrBWUmhGTYng4nVtO4T5WUWY=
github.com/mangodx/AccessTunnel/sshoverws v0.0.0-20200614215758-312ee5c30c28/go.mod h1:iboGyThjsuH4u0nn7aFdEpPpDJALfb46PgQleFtKAAI=
github.com/mangodx/AccessTunnel/sshoverws v0.0.0-20200614220045-064d68c1a884 h1:/+TEci3DjC0HcUptVOgGmSLauVleE4I+3PGqn5qUvi8=
github.com/mangodx/AccessTunnel/sshoverws v0.0.0-20200614220045-064d68c1a884/go.mod h1:iboGyThjsuH4u0nn7aFdEpPpDJALfb46PgQleFtKAAI=
