github.com/creack/pty v1.1.7 h1:6pwm8kMQKCmgUg0ZHTm5+/YvRK0s3THD/28+T6/kk4A=
github.com/creack/pty v1.1.7/go.mod h1:lj5s0c3V2DBrqTV7llrYr5NG6My20zk30Fl46Y7DoTY=
github.com/gorilla/mux v1.7.4/go.mod h1:DVbg23sWSpFRCP0SfiEN6jmj59UnW/n46BH5rLB71So=
github.com/gorilla/websocket v1.4.2 h1:+/TMaTYc4QFitKJxsQ7Yye35DkWvkdLcvGKqM+x0Ufc=
github.com/gorilla/websocket v1.4.2/go.mod h1:YR8l580nyteQvAITg2hZ9XVh4b55+EU/adAjf1fMHhE=
github.com/kr/pty v1.1.8 h1:AkaSdXYQOWeaO3neb8EM634ahkXXe3jYbVh/F9lq+GI=
github.com/kr/pty v1.1.8/go.mod h1:O1sed60cT9XZ5uDucP5qwvh+TE3NnUj51EiZO/lmSfw=
github.com/mangodx/AccessTunnel v0.0.0-20200614193645-d770f222230f h1:rdRa+w8DzuVJEifFWjvUJltBKf4B7oWXUuxYfUJnpDA=
github.com/mangodx/AccessTunnel/sshoverws v0.0.0-20200614193645-d770f222230f h1:ulr8ri6j4rXOs/+jvxKkMdWnXQMlSb76vJVCgVkxl/k=
github.com/mangodx/AccessTunnel/sshoverws v0.0.0-20200614193645-d770f222230f/go.mod h1:iboGyThjsuH4u0nn7aFdEpPpDJALfb46PgQleFtKAAI=
github.com/mangodx/AccessTunnel/sshoverws v0.0.0-20200614215549-38edbe16b892 h1:iFU6r0gnW29wjkxHdECuPuckLyEkvf39KXDbn1UzVKE=
github.com/mangodx/AccessTunnel/sshoverws v0.0.0-20200614215549-38edbe16b892/go.mod h1:iboGyThjsuH4u0nn7aFdEpPpDJALfb46PgQleFtKAAI=
github.com/mangodx/AccessTunnel/sshoverws v0.0.0-20200614215720-48965b79ccdc h1:/4tyQYc2AkasfZIRMX9lWuEq7HAJdxQmH0oDnltc+Bk=
github.com/mangodx/AccessTunnel/sshoverws v0.0.0-20200614215720-48965b79ccdc/go.mod h1:iboGyThjsuH4u0nn7aFdEpPpDJALfb46PgQleFtKAAI=
github.com/mangodx/AccessTunnel/sshoverws v0.0.0-20200614215758-312ee5c30c28 h1:ETOgD7hOBJFAAr7RtCFSrBWUmhGTYng4nVtO4T5WUWY=
github.com/mangodx/AccessTunnel/sshoverws v0.0.0-20200614215758-312ee5c30c28/go.mod h1:iboGyThjsuH4u0nn7aFdEpPpDJALfb46PgQleFtKAAI=
github.com/mangodx/AccessTunnel/sshoverws v0.0.0-20200614220045-064d68c1a884 h1:/+TEci3DjC0HcUptVOgGmSLauVleE4I+3PGqn5qUvi8=
github.com/mangodx/AccessTunnel/sshoverws v0.0.0-20200614220045-064d68c1a884/go.mod h1:iboGyThjsuH4u0nn7aFdEpPpDJALfb46PgQleFtKAAI=
golang.org/x/crypto v0.0.0-20190308221718-c2843e01d9a2/go.mod h1:djNgcEr1/C05ACkg1iLfiJU5Ep61QUkGW8qpdssI0+w=
golang.org/x/crypto v0.0.0-20200604202706-70a84ac30bf9 h1:vEg9joUBmeBcK9iSJftGNf3coIG4HqZElCPehJsfAYM=
golang.org/x/crypto v0.0.0-20200604202706-70a84ac30bf9/go.mod h1:LzIPMQfyMNhhGPhUkYOs5KpL4U8rLKemX1yGLhDgUto=
golang.org/x/net v0.0.0-20190404232315-eb5bcb51f2a3/go.mod h1:t9HGtf8HONx5eT2rtn7q6eTqICYqUVnKs3thJo3Qplg=
golang.org/x/sys v0.0.0-20190215142949-d0b11bdaac8a/go.mod h1:STP8DvDyc/dI5b8T5hshtkjS+E42TnysNCUPdjciGhY=
golang.org/x/sys v0.0.0-20190412213103-97732733099d/go.mod h1:h1NjWce9XRLGQEsW7wpKNCjG9DtNlClVuFLEZdDNbEs=
golang.org/x/text v0.3.0/go.mod h1:NqM8EUOU14njkJ3fqMW+pc6Ldnwhi/IjpwHt7yyuwOQ=
